// !$*UTF8*$!
{
	archiveVersion = 1;
	classes = {
	};
	objectVersion = 48;
	objects = {

/* Begin PBXBuildFile section */
		A0DE5BCD2072B50400D045C3 /* AppDelegate.swift in Sources */ = {isa = PBXBuildFile; fileRef = A0DE5BCC2072B50400D045C3 /* AppDelegate.swift */; };
		A0DE5BCF2072B50400D045C3 /* ViewController.swift in Sources */ = {isa = PBXBuildFile; fileRef = A0DE5BCE2072B50400D045C3 /* ViewController.swift */; };
		A0DE5BD22072B50400D045C3 /* Main.storyboard in Resources */ = {isa = PBXBuildFile; fileRef = A0DE5BD02072B50400D045C3 /* Main.storyboard */; };
		A0DE5BD42072B50400D045C3 /* Assets.xcassets in Resources */ = {isa = PBXBuildFile; fileRef = A0DE5BD32072B50400D045C3 /* Assets.xcassets */; };
		A0DE5BD72072B50400D045C3 /* LaunchScreen.storyboard in Resources */ = {isa = PBXBuildFile; fileRef = A0DE5BD52072B50400D045C3 /* LaunchScreen.storyboard */; };
		D093F8D03CA38481E54445D5 /* Pods_myRiemann.framework in Frameworks */ = {isa = PBXBuildFile; fileRef = 23A7575C4FAEBB93EF5D38A4 /* Pods_myRiemann.framework */; };
/* End PBXBuildFile section */

/* Begin PBXFileReference section */
		23A7575C4FAEBB93EF5D38A4 /* Pods_myRiemann.framework */ = {isa = PBXFileReference; explicitFileType = wrapper.framework; includeInIndex = 0; path = Pods_myRiemann.framework; sourceTree = BUILT_PRODUCTS_DIR; };
		4DF2B579F4180E72AC0C826C /* Pods-myRiemann.debug.xcconfig */ = {isa = PBXFileReference; includeInIndex = 1; lastKnownFileType = text.xcconfig; name = "Pods-myRiemann.debug.xcconfig"; path = "Pods/Target Support Files/Pods-myRiemann/Pods-myRiemann.debug.xcconfig"; sourceTree = "<group>"; };
		53EBED721421F10FB761CEF9 /* Pods-myRiemann.release.xcconfig */ = {isa = PBXFileReference; includeInIndex = 1; lastKnownFileType = text.xcconfig; name = "Pods-myRiemann.release.xcconfig"; path = "Pods/Target Support Files/Pods-myRiemann/Pods-myRiemann.release.xcconfig"; sourceTree = "<group>"; };
		A0DE5BC92072B50400D045C3 /* myRiemann.app */ = {isa = PBXFileReference; explicitFileType = wrapper.application; includeInIndex = 0; path = myRiemann.app; sourceTree = BUILT_PRODUCTS_DIR; };
		A0DE5BCC2072B50400D045C3 /* AppDelegate.swift */ = {isa = PBXFileReference; lastKnownFileType = sourcecode.swift; path = AppDelegate.swift; sourceTree = "<group>"; };
		A0DE5BCE2072B50400D045C3 /* ViewController.swift */ = {isa = PBXFileReference; lastKnownFileType = sourcecode.swift; path = ViewController.swift; sourceTree = "<group>"; };
		A0DE5BD12072B50400D045C3 /* Base */ = {isa = PBXFileReference; lastKnownFileType = file.storyboard; name = Base; path = Base.lproj/Main.storyboard; sourceTree = "<group>"; };
		A0DE5BD32072B50400D045C3 /* Assets.xcassets */ = {isa = PBXFileReference; lastKnownFileType = folder.assetcatalog; path = Assets.xcassets; sourceTree = "<group>"; };
		A0DE5BD62072B50400D045C3 /* Base */ = {isa = PBXFileReference; lastKnownFileType = file.storyboard; name = Base; path = Base.lproj/LaunchScreen.storyboard; sourceTree = "<group>"; };
		A0DE5BD82072B50400D045C3 /* Info.plist */ = {isa = PBXFileReference; lastKnownFileType = text.plist.xml; path = Info.plist; sourceTree = "<group>"; };
/* End PBXFileReference section */

/* Begin PBXFrameworksBuildPhase section */
		A0DE5BC62072B50400D045C3 /* Frameworks */ = {
			isa = PBXFrameworksBuildPhase;
			buildActionMask = 2147483647;
			files = (
				D093F8D03CA38481E54445D5 /* Pods_myRiemann.framework in Frameworks */,
			);
			runOnlyForDeploymentPostprocessing = 0;
		};
/* End PBXFrameworksBuildPhase section */

/* Begin PBXGroup section */
		53F961991BD6FE76EC95DFFB /* Frameworks */ = {
			isa = PBXGroup;
			children = (
				23A7575C4FAEBB93EF5D38A4 /* Pods_myRiemann.framework */,
			);
			name = Frameworks;
			sourceTree = "<group>";
		};
		5D7C50697270C0DC01148CCD /* Pods */ = {
			isa = PBXGroup;
			children = (
				4DF2B579F4180E72AC0C826C /* Pods-myRiemann.debug.xcconfig */,
				53EBED721421F10FB761CEF9 /* Pods-myRiemann.release.xcconfig */,
			);
			name = Pods;
			sourceTree = "<group>";
		};
		A0DE5BC02072B50400D045C3 = {
			isa = PBXGroup;
			children = (
				A0DE5BCB2072B50400D045C3 /* myRiemann */,
				A0DE5BCA2072B50400D045C3 /* Products */,
				5D7C50697270C0DC01148CCD /* Pods */,
				53F961991BD6FE76EC95DFFB /* Frameworks */,
			);
			sourceTree = "<group>";
		};
		A0DE5BCA2072B50400D045C3 /* Products */ = {
			isa = PBXGroup;
			children = (
				A0DE5BC92072B50400D045C3 /* myRiemann.app */,
			);
			name = Products;
			sourceTree = "<group>";
		};
		A0DE5BCB2072B50400D045C3 /* myRiemann */ = {
			isa = PBXGroup;
			children = (
				A0DE5BCC2072B50400D045C3 /* AppDelegate.swift */,
				A0DE5BCE2072B50400D045C3 /* ViewController.swift */,
				A0DE5BD02072B50400D045C3 /* Main.storyboard */,
				A0DE5BD32072B50400D045C3 /* Assets.xcassets */,
				A0DE5BD52072B50400D045C3 /* LaunchScreen.storyboard */,
				A0DE5BD82072B50400D045C3 /* Info.plist */,
			);
			path = myRiemann;
			sourceTree = "<group>";
		};
/* End PBXGroup section */

/* Begin PBXNativeTarget section */
		A0DE5BC82072B50400D045C3 /* myRiemann */ = {
			isa = PBXNativeTarget;
			buildConfigurationList = A0DE5BDB2072B50400D045C3 /* Build configuration list for PBXNativeTarget "myRiemann" */;
			buildPhases = (
				7C70E40834E2544F8FBF92F1 /* [CP] Check Pods Manifest.lock */,
				A0DE5BC52072B50400D045C3 /* Sources */,
				A0DE5BC62072B50400D045C3 /* Frameworks */,
				A0DE5BC72072B50400D045C3 /* Resources */,
				65E72DE35C148FE0C917C150 /* [CP] Embed Pods Frameworks */,
				3F3CC810A6FDC23609DA72C8 /* [CP] Copy Pods Resources */,
			);
			buildRules = (
			);
			dependencies = (
			);
			name = myRiemann;
			productName = myRiemann;
			productReference = A0DE5BC92072B50400D045C3 /* myRiemann.app */;
			productType = "com.apple.product-type.application";
		};
/* End PBXNativeTarget section */

/* Begin PBXProject section */
		A0DE5BC12072B50400D045C3 /* Project object */ = {
			isa = PBXProject;
			attributes = {
				LastSwiftUpdateCheck = 0920;
				LastUpgradeCheck = 0920;
				ORGANIZATIONNAME = HMdev;
				TargetAttributes = {
					A0DE5BC82072B50400D045C3 = {
						CreatedOnToolsVersion = 9.2;
						ProvisioningStyle = Automatic;
					};
				};
			};
			buildConfigurationList = A0DE5BC42072B50400D045C3 /* Build configuration list for PBXProject "myRiemann" */;
			compatibilityVersion = "Xcode 8.0";
			developmentRegion = en;
			hasScannedForEncodings = 0;
			knownRegions = (
				en,
				Base,
			);
			mainGroup = A0DE5BC02072B50400D045C3;
			productRefGroup = A0DE5BCA2072B50400D045C3 /* Products */;
			projectDirPath = "";
			projectRoot = "";
			targets = (
				A0DE5BC82072B50400D045C3 /* myRiemann */,
			);
		};
/* End PBXProject section */

/* Begin PBXResourcesBuildPhase section */
		A0DE5BC72072B50400D045C3 /* Resources */ = {
			isa = PBXResourcesBuildPhase;
			buildActionMask = 2147483647;
			files = (
				A0DE5BD72072B50400D045C3 /* LaunchScreen.storyboard in Resources */,
				A0DE5BD42072B50400D045C3 /* Assets.xcassets in Resources */,
				A0DE5BD22072B50400D045C3 /* Main.storyboard in Resources */,
			);
			runOnlyForDeploymentPostprocessing = 0;
		};
/* End PBXResourcesBuildPhase section */

/* Begin PBXShellScriptBuildPhase section */
		3F3CC810A6FDC23609DA72C8 /* [CP] Copy Pods Resources */ = {
			isa = PBXShellScriptBuildPhase;
			buildActionMask = 2147483647;
			files = (
			);
			inputPaths = (
			);
			name = "[CP] Copy Pods Resources";
			outputPaths = (
			);
			runOnlyForDeploymentPostprocessing = 0;
			shellPath = /bin/sh;
			shellScript = "\"${SRCROOT}/Pods/Target Support Files/Pods-myRiemann/Pods-myRiemann-resources.sh\"\n";
			showEnvVarsInLog = 0;
		};
		65E72DE35C148FE0C917C150 /* [CP] Embed Pods Frameworks */ = {
			isa = PBXShellScriptBuildPhase;
			buildActionMask = 2147483647;
			files = (
			);
			inputPaths = (
				"${SRCROOT}/Pods/Target Support Files/Pods-myRiemann/Pods-myRiemann-frameworks.sh",
				"${BUILT_PRODUCTS_DIR}/DDMathParser/MathParser.framework",
			);
			name = "[CP] Embed Pods Frameworks";
			outputPaths = (
				"${TARGET_BUILD_DIR}/${FRAMEWORKS_FOLDER_PATH}/MathParser.framework",
			);
			runOnlyForDeploymentPostprocessing = 0;
			shellPath = /bin/sh;
			shellScript = "\"${SRCROOT}/Pods/Target Support Files/Pods-myRiemann/Pods-myRiemann-frameworks.sh\"\n";
			showEnvVarsInLog = 0;
		};
		7C70E40834E2544F8FBF92F1 /* [CP] Check Pods Manifest.lock */ = {
			isa = PBXShellScriptBuildPhase;
			buildActionMask = 2147483647;
			files = (
			);
			inputPaths = (
				"${PODS_PODFILE_DIR_PATH}/Podfile.lock",
				"${PODS_ROOT}/Manifest.lock",
			);
			name = "[CP] Check Pods Manifest.lock";
			outputPaths = (
				"$(DERIVED_FILE_DIR)/Pods-myRiemann-checkManifestLockResult.txt",
			);
			runOnlyForDeploymentPostprocessing = 0;
			shellPath = /bin/sh;
			shellScript = "diff \"${PODS_PODFILE_DIR_PATH}/Podfile.lock\" \"${PODS_ROOT}/Manifest.lock\" > /dev/null\nif [ $? != 0 ] ; then\n    # print error to STDERR\n    echo \"error: The sandbox is not in sync with the Podfile.lock. Run 'pod install' or update your CocoaPods installation.\" >&2\n    exit 1\nfi\n# This output is used by Xcode 'outputs' to avoid re-running this script phase.\necho \"SUCCESS\" > \"${SCRIPT_OUTPUT_FILE_0}\"\n";
			showEnvVarsInLog = 0;
		};
/* End PBXShellScriptBuildPhase section */

/* Begin PBXSourcesBuildPhase section */
		A0DE5BC52072B50400D045C3 /* Sources */ = {
			isa = PBXSourcesBuildPhase;
			buildActionMask = 2147483647;
			files = (
				A0DE5BCF2072B50400D045C3 /* ViewController.swift in Sources */,
				A0DE5BCD2072B50400D045C3 /* AppDelegate.swift in Sources */,
			);
			runOnlyForDeploymentPostprocessing = 0;
		};
/* End PBXSourcesBuildPhase section */

/* Begin PBXVariantGroup section */
		A0DE5BD02072B50400D045C3 /* Main.storyboard */ = {
			isa = PBXVariantGroup;
			children = (
				A0DE5BD12072B50400D045C3 /* Base */,
			);
			name = Main.storyboard;
			sourceTree = "<group>";
		};
		A0DE5BD52072B50400D045C3 /* LaunchScreen.storyboard */ = {
			isa = PBXVariantGroup;
			children = (
				A0DE5BD62072B50400D045C3 /* Base */,
			);
			name = LaunchScreen.storyboard;
			sourceTree = "<group>";
		};
/* End PBXVariantGroup section */

/* Begin XCBuildConfiguration section */
		A0DE5BD92072B50400D045C3 /* Debug */ = {
			isa = XCBuildConfiguration;
			buildSettings = {
				ALWAYS_SEARCH_USER_PATHS = NO;
				CLANG_ANALYZER_NONNULL = YES;
				CLANG_ANALYZER_NUMBER_OBJECT_CONVERSION = YES_AGGRESSIVE;
				CLANG_CXX_LANGUAGE_STANDARD = "gnu++14";
				CLANG_CXX_LIBRARY = "libc++";
				CLANG_ENABLE_MODULES = YES;
				CLANG_ENABLE_OBJC_ARC = YES;
				CLANG_WARN_BLOCK_CAPTURE_AUTORELEASING = YES;
				CLANG_WARN_BOOL_CONVERSION = YES;
				CLANG_WARN_COMMA = YES;
				CLANG_WARN_CONSTANT_CONVERSION = YES;
				CLANG_WARN_DIRECT_OBJC_ISA_USAGE = YES_ERROR;
				CLANG_WARN_DOCUMENTATION_COMMENTS = YES;
				CLANG_WARN_EMPTY_BODY = YES;
				CLANG_WARN_ENUM_CONVERSION = YES;
				CLANG_WARN_INFINITE_RECURSION = YES;
				CLANG_WARN_INT_CONVERSION = YES;
				CLANG_WARN_NON_LITERAL_NULL_CONVERSION = YES;
				CLANG_WARN_OBJC_LITERAL_CONVERSION = YES;
				CLANG_WARN_OBJC_ROOT_CLASS = YES_ERROR;
				CLANG_WARN_RANGE_LOOP_ANALYSIS = YES;
				CLANG_WARN_STRICT_PROTOTYPES = YES;
				CLANG_WARN_SUSPICIOUS_MOVE = YES;
				CLANG_WARN_UNGUARDED_AVAILABILITY = YES_AGGRESSIVE;
				CLANG_WARN_UNREACHABLE_CODE = YES;
				CLANG_WARN__DUPLICATE_METHOD_MATCH = YES;
				CODE_SIGN_IDENTITY = "iPhone Developer";
				COPY_PHASE_STRIP = NO;
				DEBUG_INFORMATION_FORMAT = dwarf;
				ENABLE_STRICT_OBJC_MSGSEND = YES;
				ENABLE_TESTABILITY = YES;
				GCC_C_LANGUAGE_STANDARD = gnu11;
				GCC_DYNAMIC_NO_PIC = NO;
				GCC_NO_COMMON_BLOCKS = YES;
				GCC_OPTIMIZATION_LEVEL = 0;
				GCC_PREPROCESSOR_DEFINITIONS = (
					"DEBUG=1",
					"$(inherited)",
				);
				GCC_WARN_64_TO_32_BIT_CONVERSION = YES;
				GCC_WARN_ABOUT_RETURN_TYPE = YES_ERROR;
				GCC_WARN_UNDECLARED_SELECTOR = YES;
				GCC_WARN_UNINITIALIZED_AUTOS = YES_AGGRESSIVE;
				GCC_WARN_UNUSED_FUNCTION = YES;
				GCC_WARN_UNUSED_VARIABLE = YES;
				IPHONEOS_DEPLOYMENT_TARGET = 11.2;
				MTL_ENABLE_DEBUG_INFO = YES;
				ONLY_ACTIVE_ARCH = YES;
				SDKROOT = iphoneos;
				SWIFT_ACTIVE_COMPILATION_CONDITIONS = DEBUG;
				SWIFT_OPTIMIZATION_LEVEL = "-Onone";
			};
			name = Debug;
		};
		A0DE5BDA2072B50400D045C3 /* Release */ = {
			isa = XCBuildConfiguration;
			buildSettings = {
				ALWAYS_SEARCH_USER_PATHS = NO;
				CLANG_ANALYZER_NONNULL = YES;
				CLANG_ANALYZER_NUMBER_OBJECT_CONVERSION = YES_AGGRESSIVE;
				CLANG_CXX_LANGUAGE_STANDARD = "gnu++14";
				CLANG_CXX_LIBRARY = "libc++";
				CLANG_ENABLE_MODULES = YES;
				CLANG_ENABLE_OBJC_ARC = YES;
				CLANG_WARN_BLOCK_CAPTURE_AUTORELEASING = YES;
				CLANG_WARN_BOOL_CONVERSION = YES;
				CLANG_WARN_COMMA = YES;
				CLANG_WARN_CONSTANT_CONVERSION = YES;
				CLANG_WARN_DIRECT_OBJC_ISA_USAGE = YES_ERROR;
				CLANG_WARN_DOCUMENTATION_COMMENTS = YES;
				CLANG_WARN_EMPTY_BODY = YES;
				CLANG_WARN_ENUM_CONVERSION = YES;
				CLANG_WARN_INFINITE_RECURSION = YES;
				CLANG_WARN_INT_CONVERSION = YES;
				CLANG_WARN_NON_LITERAL_NULL_CONVERSION = YES;
				CLANG_WARN_OBJC_LITERAL_CONVERSION = YES;
				CLANG_WARN_OBJC_ROOT_CLASS = YES_ERROR;
				CLANG_WARN_RANGE_LOOP_ANALYSIS = YES;
				CLANG_WARN_STRICT_PROTOTYPES = YES;
				CLANG_WARN_SUSPICIOUS_MOVE = YES;
				CLANG_WARN_UNGUARDED_AVAILABILITY = YES_AGGRESSIVE;
				CLANG_WARN_UNREACHABLE_CODE = YES;
				CLANG_WARN__DUPLICATE_METHOD_MATCH = YES;
				CODE_SIGN_IDENTITY = "iPhone Developer";
				COPY_PHASE_STRIP = NO;
				DEBUG_INFORMATION_FORMAT = "dwarf-with-dsym";
				ENABLE_NS_ASSERTIONS = NO;
				ENABLE_STRICT_OBJC_MSGSEND = YES;
				GCC_C_LANGUAGE_STANDARD = gnu11;
				GCC_NO_COMMON_BLOCKS = YES;
				GCC_WARN_64_TO_32_BIT_CONVERSION = YES;
				GCC_WARN_ABOUT_RETURN_TYPE = YES_ERROR;
				GCC_WARN_UNDECLARED_SELECTOR = YES;
				GCC_WARN_UNINITIALIZED_AUTOS = YES_AGGRESSIVE;
				GCC_WARN_UNUSED_FUNCTION = YES;
				GCC_WARN_UNUSED_VARIABLE = YES;
				IPHONEOS_DEPLOYMENT_TARGET = 11.2;
				MTL_ENABLE_DEBUG_INFO = NO;
				SDKROOT = iphoneos;
				SWIFT_OPTIMIZATION_LEVEL = "-Owholemodule";
				VALIDATE_PRODUCT = YES;
			};
			name = Release;
		};
		A0DE5BDC2072B50400D045C3 /* Debug */ = {
			isa = XCBuildConfiguration;
			baseConfigurationReference = 4DF2B579F4180E72AC0C826C /* Pods-myRiemann.debug.xcconfig */;
			buildSettings = {
				ASSETCATALOG_COMPILER_APPICON_NAME = AppIcon;
				CODE_SIGN_STYLE = Automatic;
				DEVELOPMENT_TEAM = JG98S5E585;
				INFOPLIST_FILE = myRiemann/Info.plist;
				LD_RUNPATH_SEARCH_PATHS = "$(inherited) @executable_path/Frameworks";
				PRODUCT_BUNDLE_IDENTIFIER = com.hmdev.myRiemann;
				PRODUCT_NAME = "$(TARGET_NAME)";
				SWIFT_VERSION = 4.0;
				TARGETED_DEVICE_FAMILY = "1,2";
			};
			name = Debug;
		};
		A0DE5BDD2072B50400D045C3 /* Release */ = {
			isa = XCBuildConfiguration;
			baseConfigurationReference = 53EBED721421F10FB761CEF9 /* Pods-myRiemann.release.xcconfig */;
			buildSettings = {
				ASSETCATALOG_COMPILER_APPICON_NAME = AppIcon;
				CODE_SIGN_STYLE = Automatic;
				DEVELOPMENT_TEAM = JG98S5E585;
				INFOPLIST_FILE = myRiemann/Info.plist;
				LD_RUNPATH_SEARCH_PATHS = "$(inherited) @executable_path/Frameworks";
				PRODUCT_BUNDLE_IDENTIFIER = com.hmdev.myRiemann;
				PRODUCT_NAME = "$(TARGET_NAME)";
				SWIFT_VERSION = 4.0;
				TARGETED_DEVICE_FAMILY = "1,2";
			};
			name = Release;
		};
/* End XCBuildConfiguration section */

/* Begin XCConfigurationList section */
		A0DE5BC42072B50400D045C3 /* Build configuration list for PBXProject "myRiemann" */ = {
			isa = XCConfigurationList;
			buildConfigurations = (
				A0DE5BD92072B50400D045C3 /* Debug */,
				A0DE5BDA2072B50400D045C3 /* Release */,
			);
			defaultConfigurationIsVisible = 0;
			defaultConfigurationName = Release;
		};
		A0DE5BDB2072B50400D045C3 /* Build configuration list for PBXNativeTarget "myRiemann" */ = {
			isa = XCConfigurationList;
			buildConfigurations = (
				A0DE5BDC2072B50400D045C3 /* Debug */,
				A0DE5BDD2072B50400D045C3 /* Release */,
			);
			defaultConfigurationIsVisible = 0;
			defaultConfigurationName = Release;
		};
/* End XCConfigurationList section */
	};
	rootObject = A0DE5BC12072B50400D045C3 /* Project object */;
}
